// !$*UTF8*$!
{
	archiveVersion = 1;
	classes = {
	};
	objectVersion = 56;
	objects = {

/* Begin PBXBuildFile section */
		E375B9D82AC9C03C00C02362 /* CustomCollectionsApp.swift in Sources */ = {isa = PBXBuildFile; fileRef = E375B9D72AC9C03C00C02362 /* CustomCollectionsApp.swift */; };
		E375B9DA2AC9C03C00C02362 /* ContentView.swift in Sources */ = {isa = PBXBuildFile; fileRef = E375B9D92AC9C03C00C02362 /* ContentView.swift */; };
		E375B9DC2AC9C04100C02362 /* Assets.xcassets in Resources */ = {isa = PBXBuildFile; fileRef = E375B9DB2AC9C04100C02362 /* Assets.xcassets */; };
		E375B9DF2AC9C04100C02362 /* Preview Assets.xcassets in Resources */ = {isa = PBXBuildFile; fileRef = E375B9DE2AC9C04100C02362 /* Preview Assets.xcassets */; };
		E375B9E92AC9C04200C02362 /* CustomCollectionsTests.swift in Sources */ = {isa = PBXBuildFile; fileRef = E375B9E82AC9C04200C02362 /* CustomCollectionsTests.swift */; };
		E375B9F32AC9C04200C02362 /* CustomCollectionsUITests.swift in Sources */ = {isa = PBXBuildFile; fileRef = E375B9F22AC9C04200C02362 /* CustomCollectionsUITests.swift */; };
		E375B9F52AC9C04200C02362 /* CustomCollectionsUITestsLaunchTests.swift in Sources */ = {isa = PBXBuildFile; fileRef = E375B9F42AC9C04200C02362 /* CustomCollectionsUITestsLaunchTests.swift */; };
/* End PBXBuildFile section */

/* Begin PBXContainerItemProxy section */
		E375B9E52AC9C04200C02362 /* PBXContainerItemProxy */ = {
			isa = PBXContainerItemProxy;
			containerPortal = E375B9CC2AC9C03C00C02362 /* Project object */;
			proxyType = 1;
			remoteGlobalIDString = E375B9D32AC9C03C00C02362;
			remoteInfo = CustomCollections;
		};
		E375B9EF2AC9C04200C02362 /* PBXContainerItemProxy */ = {
			isa = PBXContainerItemProxy;
			containerPortal = E375B9CC2AC9C03C00C02362 /* Project object */;
			proxyType = 1;
			remoteGlobalIDString = E375B9D32AC9C03C00C02362;
			remoteInfo = CustomCollections;
		};
/* End PBXContainerItemProxy section */

/* Begin PBXFileReference section */
		E375B9D42AC9C03C00C02362 /* CustomCollections.app */ = {isa = PBXFileReference; explicitFileType = wrapper.application; includeInIndex = 0; path = CustomCollections.app; sourceTree = BUILT_PRODUCTS_DIR; };
		E375B9D72AC9C03C00C02362 /* CustomCollectionsApp.swift */ = {isa = PBXFileReference; lastKnownFileType = sourcecode.swift; path = CustomCollectionsApp.swift; sourceTree = "<group>"; };
		E375B9D92AC9C03C00C02362 /* ContentView.swift */ = {isa = PBXFileReference; lastKnownFileType = sourcecode.swift; path = ContentView.swift; sourceTree = "<group>"; };
		E375B9DB2AC9C04100C02362 /* Assets.xcassets */ = {isa = PBXFileReference; lastKnownFileType = folder.assetcatalog; path = Assets.xcassets; sourceTree = "<group>"; };
		E375B9DE2AC9C04100C02362 /* Preview Assets.xcassets */ = {isa = PBXFileReference; lastKnownFileType = folder.assetcatalog; path = "Preview Assets.xcassets"; sourceTree = "<group>"; };
		E375B9E42AC9C04200C02362 /* CustomCollectionsTests.xctest */ = {isa = PBXFileReference; explicitFileType = wrapper.cfbundle; includeInIndex = 0; path = CustomCollectionsTests.xctest; sourceTree = BUILT_PRODUCTS_DIR; };
		E375B9E82AC9C04200C02362 /* CustomCollectionsTests.swift */ = {isa = PBXFileReference; lastKnownFileType = sourcecode.swift; path = CustomCollectionsTests.swift; sourceTree = "<group>"; };
		E375B9EE2AC9C04200C02362 /* CustomCollectionsUITests.xctest */ = {isa = PBXFileReference; explicitFileType = wrapper.cfbundle; includeInIndex = 0; path = CustomCollectionsUITests.xctest; sourceTree = BUILT_PRODUCTS_DIR; };
		E375B9F22AC9C04200C02362 /* CustomCollectionsUITests.swift */ = {isa = PBXFileReference; lastKnownFileType = sourcecode.swift; path = CustomCollectionsUITests.swift; sourceTree = "<group>"; };
		E375B9F42AC9C04200C02362 /* CustomCollectionsUITestsLaunchTests.swift */ = {isa = PBXFileReference; lastKnownFileType = sourcecode.swift; path = CustomCollectionsUITestsLaunchTests.swift; sourceTree = "<group>"; };
/* End PBXFileReference section */

/* Begin PBXFrameworksBuildPhase section */
		E375B9D12AC9C03C00C02362 /* Frameworks */ = {
			isa = PBXFrameworksBuildPhase;
			buildActionMask = 2147483647;
			files = (
			);
			runOnlyForDeploymentPostprocessing = 0;
		};
		E375B9E12AC9C04200C02362 /* Frameworks */ = {
			isa = PBXFrameworksBuildPhase;
			buildActionMask = 2147483647;
			files = (
			);
			runOnlyForDeploymentPostprocessing = 0;
		};
		E375B9EB2AC9C04200C02362 /* Frameworks */ = {
			isa = PBXFrameworksBuildPhase;
			buildActionMask = 2147483647;
			files = (
			);
			runOnlyForDeploymentPostprocessing = 0;
		};
/* End PBXFrameworksBuildPhase section */

/* Begin PBXGroup section */
		E375B9CB2AC9C03C00C02362 = {
			isa = PBXGroup;
			children = (
				E375B9D62AC9C03C00C02362 /* CustomCollections */,
				E375B9E72AC9C04200C02362 /* CustomCollectionsTests */,
				E375B9F12AC9C04200C02362 /* CustomCollectionsUITests */,
				E375B9D52AC9C03C00C02362 /* Products */,
			);
			sourceTree = "<group>";
		};
		E375B9D52AC9C03C00C02362 /* Products */ = {
			isa = PBXGroup;
			children = (
				E375B9D42AC9C03C00C02362 /* CustomCollections.app */,
				E375B9E42AC9C04200C02362 /* CustomCollectionsTests.xctest */,
				E375B9EE2AC9C04200C02362 /* CustomCollectionsUITests.xctest */,
			);
			name = Products;
			sourceTree = "<group>";
		};
		E375B9D62AC9C03C00C02362 /* CustomCollections */ = {
			isa = PBXGroup;
			children = (
				E375B9D72AC9C03C00C02362 /* CustomCollectionsApp.swift */,
				E375B9D92AC9C03C00C02362 /* ContentView.swift */,
				E375B9DB2AC9C04100C02362 /* Assets.xcassets */,
				E375B9DD2AC9C04100C02362 /* Preview Content */,
			);
			path = CustomCollections;
			sourceTree = "<group>";
		};
		E375B9DD2AC9C04100C02362 /* Preview Content */ = {
			isa = PBXGroup;
			children = (
				E375B9DE2AC9C04100C02362 /* Preview Assets.xcassets */,
			);
			path = "Preview Content";
			sourceTree = "<group>";
		};
		E375B9E72AC9C04200C02362 /* CustomCollectionsTests */ = {
			isa = PBXGroup;
			children = (
				E375B9E82AC9C04200C02362 /* CustomCollectionsTests.swift */,
			);
			path = CustomCollectionsTests;
			sourceTree = "<group>";
		};
		E375B9F12AC9C04200C02362 /* CustomCollectionsUITests */ = {
			isa = PBXGroup;
			children = (
				E375B9F22AC9C04200C02362 /* CustomCollectionsUITests.swift */,
				E375B9F42AC9C04200C02362 /* CustomCollectionsUITestsLaunchTests.swift */,
			);
			path = CustomCollectionsUITests;
			sourceTree = "<group>";
		};
/* End PBXGroup section */

/* Begin PBXNativeTarget section */
		E375B9D32AC9C03C00C02362 /* CustomCollections */ = {
			isa = PBXNativeTarget;
			buildConfigurationList = E375B9F82AC9C04200C02362 /* Build configuration list for PBXNativeTarget "CustomCollections" */;
			buildPhases = (
				E375B9D02AC9C03C00C02362 /* Sources */,
				E375B9D12AC9C03C00C02362 /* Frameworks */,
				E375B9D22AC9C03C00C02362 /* Resources */,
			);
			buildRules = (
			);
			dependencies = (
			);
			name = CustomCollections;
			productName = CustomCollections;
			productReference = E375B9D42AC9C03C00C02362 /* CustomCollections.app */;
			productType = "com.apple.product-type.application";
		};
		E375B9E32AC9C04200C02362 /* CustomCollectionsTests */ = {
			isa = PBXNativeTarget;
			buildConfigurationList = E375B9FB2AC9C04200C02362 /* Build configuration list for PBXNativeTarget "CustomCollectionsTests" */;
			buildPhases = (
				E375B9E02AC9C04200C02362 /* Sources */,
				E375B9E12AC9C04200C02362 /* Frameworks */,
				E375B9E22AC9C04200C02362 /* Resources */,
			);
			buildRules = (
			);
			dependencies = (
				E375B9E62AC9C04200C02362 /* PBXTargetDependency */,
			);
			name = CustomCollectionsTests;
			productName = CustomCollectionsTests;
			productReference = E375B9E42AC9C04200C02362 /* CustomCollectionsTests.xctest */;
			productType = "com.apple.product-type.bundle.unit-test";
		};
		E375B9ED2AC9C04200C02362 /* CustomCollectionsUITests */ = {
			isa = PBXNativeTarget;
			buildConfigurationList = E375B9FE2AC9C04200C02362 /* Build configuration list for PBXNativeTarget "CustomCollectionsUITests" */;
			buildPhases = (
				E375B9EA2AC9C04200C02362 /* Sources */,
				E375B9EB2AC9C04200C02362 /* Frameworks */,
				E375B9EC2AC9C04200C02362 /* Resources */,
			);
			buildRules = (
			);
			dependencies = (
				E375B9F02AC9C04200C02362 /* PBXTargetDependency */,
			);
			name = CustomCollectionsUITests;
			productName = CustomCollectionsUITests;
			productReference = E375B9EE2AC9C04200C02362 /* CustomCollectionsUITests.xctest */;
			productType = "com.apple.product-type.bundle.ui-testing";
		};
/* End PBXNativeTarget section */

/* Begin PBXProject section */
		E375B9CC2AC9C03C00C02362 /* Project object */ = {
			isa = PBXProject;
			attributes = {
				BuildIndependentTargetsInParallel = 1;
				LastSwiftUpdateCheck = 1430;
				LastUpgradeCheck = 1430;
				TargetAttributes = {
					E375B9D32AC9C03C00C02362 = {
						CreatedOnToolsVersion = 14.3.1;
					};
					E375B9E32AC9C04200C02362 = {
						CreatedOnToolsVersion = 14.3.1;
						TestTargetID = E375B9D32AC9C03C00C02362;
					};
					E375B9ED2AC9C04200C02362 = {
						CreatedOnToolsVersion = 14.3.1;
						TestTargetID = E375B9D32AC9C03C00C02362;
					};
				};
			};
			buildConfigurationList = E375B9CF2AC9C03C00C02362 /* Build configuration list for PBXProject "CustomCollections" */;
			compatibilityVersion = "Xcode 14.0";
			developmentRegion = en;
			hasScannedForEncodings = 0;
			knownRegions = (
				en,
				Base,
			);
			mainGroup = E375B9CB2AC9C03C00C02362;
			productRefGroup = E375B9D52AC9C03C00C02362 /* Products */;
			projectDirPath = "";
			projectRoot = "";
			targets = (
				E375B9D32AC9C03C00C02362 /* CustomCollections */,
				E375B9E32AC9C04200C02362 /* CustomCollectionsTests */,
				E375B9ED2AC9C04200C02362 /* CustomCollectionsUITests */,
			);
		};
/* End PBXProject section */

/* Begin PBXResourcesBuildPhase section */
		E375B9D22AC9C03C00C02362 /* Resources */ = {
			isa = PBXResourcesBuildPhase;
			buildActionMask = 2147483647;
			files = (
				E375B9DF2AC9C04100C02362 /* Preview Assets.xcassets in Resources */,
				E375B9DC2AC9C04100C02362 /* Assets.xcassets in Resources */,
			);
			runOnlyForDeploymentPostprocessing = 0;
		};
		E375B9E22AC9C04200C02362 /* Resources */ = {
			isa = PBXResourcesBuildPhase;
			buildActionMask = 2147483647;
			files = (
			);
			runOnlyForDeploymentPostprocessing = 0;
		};
		E375B9EC2AC9C04200C02362 /* Resources */ = {
			isa = PBXResourcesBuildPhase;
			buildActionMask = 2147483647;
			files = (
			);
			runOnlyForDeploymentPostprocessing = 0;
		};
/* End PBXResourcesBuildPhase section */

/* Begin PBXSourcesBuildPhase section */
		E375B9D02AC9C03C00C02362 /* Sources */ = {
			isa = PBXSourcesBuildPhase;
			buildActionMask = 2147483647;
			files = (
				E375B9DA2AC9C03C00C02362 /* ContentView.swift in Sources */,
				E375B9D82AC9C03C00C02362 /* CustomCollectionsApp.swift in Sources */,
			);
			runOnlyForDeploymentPostprocessing = 0;
		};
		E375B9E02AC9C04200C02362 /* Sources */ = {
			isa = PBXSourcesBuildPhase;
			buildActionMask = 2147483647;
			files = (
				E375B9E92AC9C04200C02362 /* CustomCollectionsTests.swift in Sources */,
			);
			runOnlyForDeploymentPostprocessing = 0;
		};
		E375B9EA2AC9C04200C02362 /* Sources */ = {
			isa = PBXSourcesBuildPhase;
			buildActionMask = 2147483647;
			files = (
				E375B9F32AC9C04200C02362 /* CustomCollectionsUITests.swift in Sources */,
				E375B9F52AC9C04200C02362 /* CustomCollectionsUITestsLaunchTests.swift in Sources */,
			);
			runOnlyForDeploymentPostprocessing = 0;
		};
/* End PBXSourcesBuildPhase section */

/* Begin PBXTargetDependency section */
		E375B9E62AC9C04200C02362 /* PBXTargetDependency */ = {
			isa = PBXTargetDependency;
			target = E375B9D32AC9C03C00C02362 /* CustomCollections */;
			targetProxy = E375B9E52AC9C04200C02362 /* PBXContainerItemProxy */;
		};
		E375B9F02AC9C04200C02362 /* PBXTargetDependency */ = {
			isa = PBXTargetDependency;
			target = E375B9D32AC9C03C00C02362 /* CustomCollections */;
			targetProxy = E375B9EF2AC9C04200C02362 /* PBXContainerItemProxy */;
		};
/* End PBXTargetDependency section */

/* Begin XCBuildConfiguration section */
		E375B9F62AC9C04200C02362 /* Debug */ = {
			isa = XCBuildConfiguration;
			buildSettings = {
				ALWAYS_SEARCH_USER_PATHS = NO;
				CLANG_ANALYZER_NONNULL = YES;
				CLANG_ANALYZER_NUMBER_OBJECT_CONVERSION = YES_AGGRESSIVE;
				CLANG_CXX_LANGUAGE_STANDARD = "gnu++20";
				CLANG_ENABLE_MODULES = YES;
				CLANG_ENABLE_OBJC_ARC = YES;
				CLANG_ENABLE_OBJC_WEAK = YES;
				CLANG_WARN_BLOCK_CAPTURE_AUTORELEASING = YES;
				CLANG_WARN_BOOL_CONVERSION = YES;
				CLANG_WARN_COMMA = YES;
				CLANG_WARN_CONSTANT_CONVERSION = YES;
				CLANG_WARN_DEPRECATED_OBJC_IMPLEMENTATIONS = YES;
				CLANG_WARN_DIRECT_OBJC_ISA_USAGE = YES_ERROR;
				CLANG_WARN_DOCUMENTATION_COMMENTS = YES;
				CLANG_WARN_EMPTY_BODY = YES;
				CLANG_WARN_ENUM_CONVERSION = YES;
				CLANG_WARN_INFINITE_RECURSION = YES;
				CLANG_WARN_INT_CONVERSION = YES;
				CLANG_WARN_NON_LITERAL_NULL_CONVERSION = YES;
				CLANG_WARN_OBJC_IMPLICIT_RETAIN_SELF = YES;
				CLANG_WARN_OBJC_LITERAL_CONVERSION = YES;
				CLANG_WARN_OBJC_ROOT_CLASS = YES_ERROR;
				CLANG_WARN_QUOTED_INCLUDE_IN_FRAMEWORK_HEADER = YES;
				CLANG_WARN_RANGE_LOOP_ANALYSIS = YES;
				CLANG_WARN_STRICT_PROTOTYPES = YES;
				CLANG_WARN_SUSPICIOUS_MOVE = YES;
				CLANG_WARN_UNGUARDED_AVAILABILITY = YES_AGGRESSIVE;
				CLANG_WARN_UNREACHABLE_CODE = YES;
				CLANG_WARN__DUPLICATE_METHOD_MATCH = YES;
				COPY_PHASE_STRIP = NO;
				DEBUG_INFORMATION_FORMAT = dwarf;
				ENABLE_STRICT_OBJC_MSGSEND = YES;
				ENABLE_TESTABILITY = YES;
				GCC_C_LANGUAGE_STANDARD = gnu11;
				GCC_DYNAMIC_NO_PIC = NO;
				GCC_NO_COMMON_BLOCKS = YES;
				GCC_OPTIMIZATION_LEVEL = 0;
				GCC_PREPROCESSOR_DEFINITIONS = (
					"DEBUG=1",
					"$(inherited)",
				);
				GCC_WARN_64_TO_32_BIT_CONVERSION = YES;
				GCC_WARN_ABOUT_RETURN_TYPE = YES_ERROR;
				GCC_WARN_UNDECLARED_SELECTOR = YES;
				GCC_WARN_UNINITIALIZED_AUTOS = YES_AGGRESSIVE;
				GCC_WARN_UNUSED_FUNCTION = YES;
				GCC_WARN_UNUSED_VARIABLE = YES;
				IPHONEOS_DEPLOYMENT_TARGET = 16.4;
				MTL_ENABLE_DEBUG_INFO = INCLUDE_SOURCE;
				MTL_FAST_MATH = YES;
				ONLY_ACTIVE_ARCH = YES;
				SDKROOT = iphoneos;
				SWIFT_ACTIVE_COMPILATION_CONDITIONS = DEBUG;
				SWIFT_OPTIMIZATION_LEVEL = "-Onone";
			};
			name = Debug;
		};
		E375B9F72AC9C04200C02362 /* Release */ = {
			isa = XCBuildConfiguration;
			buildSettings = {
				ALWAYS_SEARCH_USER_PATHS = NO;
				CLANG_ANALYZER_NONNULL = YES;
				CLANG_ANALYZER_NUMBER_OBJECT_CONVERSION = YES_AGGRESSIVE;
				CLANG_CXX_LANGUAGE_STANDARD = "gnu++20";
				CLANG_ENABLE_MODULES = YES;
				CLANG_ENABLE_OBJC_ARC = YES;
				CLANG_ENABLE_OBJC_WEAK = YES;
				CLANG_WARN_BLOCK_CAPTURE_AUTORELEASING = YES;
				CLANG_WARN_BOOL_CONVERSION = YES;
				CLANG_WARN_COMMA = YES;
				CLANG_WARN_CONSTANT_CONVERSION = YES;
				CLANG_WARN_DEPRECATED_OBJC_IMPLEMENTATIONS = YES;
				CLANG_WARN_DIRECT_OBJC_ISA_USAGE = YES_ERROR;
				CLANG_WARN_DOCUMENTATION_COMMENTS = YES;
				CLANG_WARN_EMPTY_BODY = YES;
				CLANG_WARN_ENUM_CONVERSION = YES;
				CLANG_WARN_INFINITE_RECURSION = YES;
				CLANG_WARN_INT_CONVERSION = YES;
				CLANG_WARN_NON_LITERAL_NULL_CONVERSION = YES;
				CLANG_WARN_OBJC_IMPLICIT_RETAIN_SELF = YES;
				CLANG_WARN_OBJC_LITERAL_CONVERSION = YES;
				CLANG_WARN_OBJC_ROOT_CLASS = YES_ERROR;
				CLANG_WARN_QUOTED_INCLUDE_IN_FRAMEWORK_HEADER = YES;
				CLANG_WARN_RANGE_LOOP_ANALYSIS = YES;
				CLANG_WARN_STRICT_PROTOTYPES = YES;
				CLANG_WARN_SUSPICIOUS_MOVE = YES;
				CLANG_WARN_UNGUARDED_AVAILABILITY = YES_AGGRESSIVE;
				CLANG_WARN_UNREACHABLE_CODE = YES;
				CLANG_WARN__DUPLICATE_METHOD_MATCH = YES;
				COPY_PHASE_STRIP = NO;
				DEBUG_INFORMATION_FORMAT = "dwarf-with-dsym";
				ENABLE_NS_ASSERTIONS = NO;
				ENABLE_STRICT_OBJC_MSGSEND = YES;
				GCC_C_LANGUAGE_STANDARD = gnu11;
				GCC_NO_COMMON_BLOCKS = YES;
				GCC_WARN_64_TO_32_BIT_CONVERSION = YES;
				GCC_WARN_ABOUT_RETURN_TYPE = YES_ERROR;
				GCC_WARN_UNDECLARED_SELECTOR = YES;
				GCC_WARN_UNINITIALIZED_AUTOS = YES_AGGRESSIVE;
				GCC_WARN_UNUSED_FUNCTION = YES;
				GCC_WARN_UNUSED_VARIABLE = YES;
				IPHONEOS_DEPLOYMENT_TARGET = 16.4;
				MTL_ENABLE_DEBUG_INFO = NO;
				MTL_FAST_MATH = YES;
				SDKROOT = iphoneos;
				SWIFT_COMPILATION_MODE = wholemodule;
				SWIFT_OPTIMIZATION_LEVEL = "-O";
				VALIDATE_PRODUCT = YES;
			};
			name = Release;
		};
		E375B9F92AC9C04200C02362 /* Debug */ = {
			isa = XCBuildConfiguration;
			buildSettings = {
				ASSETCATALOG_COMPILER_APPICON_NAME = AppIcon;
				ASSETCATALOG_COMPILER_GLOBAL_ACCENT_COLOR_NAME = AccentColor;
				CODE_SIGN_STYLE = Automatic;
				CURRENT_PROJECT_VERSION = 1;
				DEVELOPMENT_ASSET_PATHS = "\"CustomCollections/Preview Content\"";
				ENABLE_PREVIEWS = YES;
				GENERATE_INFOPLIST_FILE = YES;
				INFOPLIST_KEY_UIApplicationSceneManifest_Generation = YES;
				INFOPLIST_KEY_UIApplicationSupportsIndirectInputEvents = YES;
				INFOPLIST_KEY_UILaunchScreen_Generation = YES;
				INFOPLIST_KEY_UISupportedInterfaceOrientations_iPad = "UIInterfaceOrientationPortrait UIInterfaceOrientationPortraitUpsideDown UIInterfaceOrientationLandscapeLeft UIInterfaceOrientationLandscapeRight";
				INFOPLIST_KEY_UISupportedInterfaceOrientations_iPhone = "UIInterfaceOrientationPortrait UIInterfaceOrientationLandscapeLeft UIInterfaceOrientationLandscapeRight";
				LD_RUNPATH_SEARCH_PATHS = (
					"$(inherited)",
					"@executable_path/Frameworks",
				);
				MARKETING_VERSION = 1.0;
				PRODUCT_BUNDLE_IDENTIFIER = "-23.CustomCollections";
				PRODUCT_NAME = "$(TARGET_NAME)";
				SWIFT_EMIT_LOC_STRINGS = YES;
				SWIFT_VERSION = 5.0;
				TARGETED_DEVICE_FAMILY = "1,2";
			};
			name = Debug;
		};
		E375B9FA2AC9C04200C02362 /* Release */ = {
			isa = XCBuildConfiguration;
			buildSettings = {
				ASSETCATALOG_COMPILER_APPICON_NAME = AppIcon;
				ASSETCATALOG_COMPILER_GLOBAL_ACCENT_COLOR_NAME = AccentColor;
				CODE_SIGN_STYLE = Automatic;
				CURRENT_PROJECT_VERSION = 1;
				DEVELOPMENT_ASSET_PATHS = "\"CustomCollections/Preview Content\"";
				ENABLE_PREVIEWS = YES;
				GENERATE_INFOPLIST_FILE = YES;
				INFOPLIST_KEY_UIApplicationSceneManifest_Generation = YES;
				INFOPLIST_KEY_UIApplicationSupportsIndirectInputEvents = YES;
				INFOPLIST_KEY_UILaunchScreen_Generation = YES;
				INFOPLIST_KEY_UISupportedInterfaceOrientations_iPad = "UIInterfaceOrientationPortrait UIInterfaceOrientationPortraitUpsideDown UIInterfaceOrientationLandscapeLeft UIInterfaceOrientationLandscapeRight";
				INFOPLIST_KEY_UISupportedInterfaceOrientations_iPhone = "UIInterfaceOrientationPortrait UIInterfaceOrientationLandscapeLeft UIInterfaceOrientationLandscapeRight";
				LD_RUNPATH_SEARCH_PATHS = (
					"$(inherited)",
					"@executable_path/Frameworks",
				);
				MARKETING_VERSION = 1.0;
				PRODUCT_BUNDLE_IDENTIFIER = "-23.CustomCollections";
				PRODUCT_NAME = "$(TARGET_NAME)";
				SWIFT_EMIT_LOC_STRINGS = YES;
				SWIFT_VERSION = 5.0;
				TARGETED_DEVICE_FAMILY = "1,2";
			};
			name = Release;
		};
		E375B9FC2AC9C04200C02362 /* Debug */ = {
			isa = XCBuildConfiguration;
			buildSettings = {
				ALWAYS_EMBED_SWIFT_STANDARD_LIBRARIES = YES;
				BUNDLE_LOADER = "$(TEST_HOST)";
				CODE_SIGN_STYLE = Automatic;
				CURRENT_PROJECT_VERSION = 1;
				GENERATE_INFOPLIST_FILE = YES;
				IPHONEOS_DEPLOYMENT_TARGET = 16.4;
				MARKETING_VERSION = 1.0;
				PRODUCT_BUNDLE_IDENTIFIER = "-23.CustomCollectionsTests";
				PRODUCT_NAME = "$(TARGET_NAME)";
				SWIFT_EMIT_LOC_STRINGS = NO;
				SWIFT_VERSION = 5.0;
				TARGETED_DEVICE_FAMILY = "1,2";
				TEST_HOST = "$(BUILT_PRODUCTS_DIR)/CustomCollections.app/$(BUNDLE_EXECUTABLE_FOLDER_PATH)/CustomCollections";
			};
			name = Debug;
		};
		E375B9FD2AC9C04200C02362 /* Release */ = {
			isa = XCBuildConfiguration;
			buildSettings = {
				ALWAYS_EMBED_SWIFT_STANDARD_LIBRARIES = YES;
				BUNDLE_LOADER = "$(TEST_HOST)";
				CODE_SIGN_STYLE = Automatic;
				CURRENT_PROJECT_VERSION = 1;
				GENERATE_INFOPLIST_FILE = YES;
				IPHONEOS_DEPLOYMENT_TARGET = 16.4;
				MARKETING_VERSION = 1.0;
				PRODUCT_BUNDLE_IDENTIFIER = "-23.CustomCollectionsTests";
				PRODUCT_NAME = "$(TARGET_NAME)";
				SWIFT_EMIT_LOC_STRINGS = NO;
				SWIFT_VERSION = 5.0;
				TARGETED_DEVICE_FAMILY = "1,2";
				TEST_HOST = "$(BUILT_PRODUCTS_DIR)/CustomCollections.app/$(BUNDLE_EXECUTABLE_FOLDER_PATH)/CustomCollections";
			};
			name = Release;
		};
		E375B9FF2AC9C04200C02362 /* Debug */ = {
			isa = XCBuildConfiguration;
			buildSettings = {
				ALWAYS_EMBED_SWIFT_STANDARD_LIBRARIES = YES;
				CODE_SIGN_STYLE = Automatic;
				CURRENT_PROJECT_VERSION = 1;
				GENERATE_INFOPLIST_FILE = YES;
				MARKETING_VERSION = 1.0;
				PRODUCT_BUNDLE_IDENTIFIER = "-23.CustomCollectionsUITests";
				PRODUCT_NAME = "$(TARGET_NAME)";
				SWIFT_EMIT_LOC_STRINGS = NO;
				SWIFT_VERSION = 5.0;
				TARGETED_DEVICE_FAMILY = "1,2";
				TEST_TARGET_NAME = CustomCollections;
			};
			name = Debug;
		};
		E375BA002AC9C04200C02362 /* Release */ = {
			isa = XCBuildConfiguration;
			buildSettings = {
				ALWAYS_EMBED_SWIFT_STANDARD_LIBRARIES = YES;
				CODE_SIGN_STYLE = Automatic;
				CURRENT_PROJECT_VERSION = 1;
				GENERATE_INFOPLIST_FILE = YES;
				MARKETING_VERSION = 1.0;
				PRODUCT_BUNDLE_IDENTIFIER = "-23.CustomCollectionsUITests";
				PRODUCT_NAME = "$(TARGET_NAME)";
				SWIFT_EMIT_LOC_STRINGS = NO;
				SWIFT_VERSION = 5.0;
				TARGETED_DEVICE_FAMILY = "1,2";
				TEST_TARGET_NAME = CustomCollections;
			};
			name = Release;
		};
/* End XCBuildConfiguration section */

/* Begin XCConfigurationList section */
		E375B9CF2AC9C03C00C02362 /* Build configuration list for PBXProject "CustomCollections" */ = {
			isa = XCConfigurationList;
			buildConfigurations = (
				E375B9F62AC9C04200C02362 /* Debug */,
				E375B9F72AC9C04200C02362 /* Release */,
			);
			defaultConfigurationIsVisible = 0;
			defaultConfigurationName = Release;
		};
		E375B9F82AC9C04200C02362 /* Build configuration list for PBXNativeTarget "CustomCollections" */ = {
			isa = XCConfigurationList;
			buildConfigurations = (
				E375B9F92AC9C04200C02362 /* Debug */,
				E375B9FA2AC9C04200C02362 /* Release */,
			);
			defaultConfigurationIsVisible = 0;
			defaultConfigurationName = Release;
		};
		E375B9FB2AC9C04200C02362 /* Build configuration list for PBXNativeTarget "CustomCollectionsTests" */ = {
			isa = XCConfigurationList;
			buildConfigurations = (
				E375B9FC2AC9C04200C02362 /* Debug */,
				E375B9FD2AC9C04200C02362 /* Release */,
			);
			defaultConfigurationIsVisible = 0;
			defaultConfigurationName = Release;
		};
		E375B9FE2AC9C04200C02362 /* Build configuration list for PBXNativeTarget "CustomCollectionsUITests" */ = {
			isa = XCConfigurationList;
			buildConfigurations = (
				E375B9FF2AC9C04200C02362 /* Debug */,
				E375BA002AC9C04200C02362 /* Release */,
			);
			defaultConfigurationIsVisible = 0;
			defaultConfigurationName = Release;
		};
/* End XCConfigurationList section */
	};
	rootObject = E375B9CC2AC9C03C00C02362 /* Project object */;
}
