// !$*UTF8*$!
{
	archiveVersion = 1;
	classes = {
	};
	objectVersion = 56;
	objects = {

/* Begin PBXBuildFile section */
		E375BA0E2ACC5D0200C02362 /* AppDelegate.swift in Sources */ = {isa = PBXBuildFile; fileRef = E375BA0D2ACC5D0200C02362 /* AppDelegate.swift */; };
		E375BA102ACC5D0200C02362 /* SceneDelegate.swift in Sources */ = {isa = PBXBuildFile; fileRef = E375BA0F2ACC5D0200C02362 /* SceneDelegate.swift */; };
		E375BA122ACC5D0200C02362 /* ViewController.swift in Sources */ = {isa = PBXBuildFile; fileRef = E375BA112ACC5D0200C02362 /* ViewController.swift */; };
		E375BA152ACC5D0200C02362 /* Main.storyboard in Resources */ = {isa = PBXBuildFile; fileRef = E375BA132ACC5D0200C02362 /* Main.storyboard */; };
		E375BA172ACC5D0900C02362 /* Assets.xcassets in Resources */ = {isa = PBXBuildFile; fileRef = E375BA162ACC5D0900C02362 /* Assets.xcassets */; };
		E375BA1A2ACC5D0900C02362 /* LaunchScreen.storyboard in Resources */ = {isa = PBXBuildFile; fileRef = E375BA182ACC5D0900C02362 /* LaunchScreen.storyboard */; };
		E375BA252ACC5D0A00C02362 /* CustomCollectionsTests.swift in Sources */ = {isa = PBXBuildFile; fileRef = E375BA242ACC5D0A00C02362 /* CustomCollectionsTests.swift */; };
		E375BA2F2ACC5D0A00C02362 /* CustomCollectionsUITests.swift in Sources */ = {isa = PBXBuildFile; fileRef = E375BA2E2ACC5D0A00C02362 /* CustomCollectionsUITests.swift */; };
		E375BA312ACC5D0A00C02362 /* CustomCollectionsUITestsLaunchTests.swift in Sources */ = {isa = PBXBuildFile; fileRef = E375BA302ACC5D0A00C02362 /* CustomCollectionsUITestsLaunchTests.swift */; };
		E375BA3E2ACC5E1A00C02362 /* DoublyLinkedList.swift in Sources */ = {isa = PBXBuildFile; fileRef = E375BA3D2ACC5E1A00C02362 /* DoublyLinkedList.swift */; };
		E375BA402ACC68E700C02362 /* Person.swift in Sources */ = {isa = PBXBuildFile; fileRef = E375BA3F2ACC68E700C02362 /* Person.swift */; };
/* End PBXBuildFile section */

/* Begin PBXContainerItemProxy section */
		E375BA212ACC5D0A00C02362 /* PBXContainerItemProxy */ = {
			isa = PBXContainerItemProxy;
			containerPortal = E375BA022ACC5D0200C02362 /* Project object */;
			proxyType = 1;
			remoteGlobalIDString = E375BA092ACC5D0200C02362;
			remoteInfo = CustomCollections;
		};
		E375BA2B2ACC5D0A00C02362 /* PBXContainerItemProxy */ = {
			isa = PBXContainerItemProxy;
			containerPortal = E375BA022ACC5D0200C02362 /* Project object */;
			proxyType = 1;
			remoteGlobalIDString = E375BA092ACC5D0200C02362;
			remoteInfo = CustomCollections;
		};
/* End PBXContainerItemProxy section */

/* Begin PBXFileReference section */
		E375BA0A2ACC5D0200C02362 /* CustomCollections.app */ = {isa = PBXFileReference; explicitFileType = wrapper.application; includeInIndex = 0; path = CustomCollections.app; sourceTree = BUILT_PRODUCTS_DIR; };
		E375BA0D2ACC5D0200C02362 /* AppDelegate.swift */ = {isa = PBXFileReference; lastKnownFileType = sourcecode.swift; path = AppDelegate.swift; sourceTree = "<group>"; };
		E375BA0F2ACC5D0200C02362 /* SceneDelegate.swift */ = {isa = PBXFileReference; lastKnownFileType = sourcecode.swift; path = SceneDelegate.swift; sourceTree = "<group>"; };
		E375BA112ACC5D0200C02362 /* ViewController.swift */ = {isa = PBXFileReference; lastKnownFileType = sourcecode.swift; path = ViewController.swift; sourceTree = "<group>"; };
		E375BA142ACC5D0200C02362 /* Base */ = {isa = PBXFileReference; lastKnownFileType = file.storyboard; name = Base; path = Base.lproj/Main.storyboard; sourceTree = "<group>"; };
		E375BA162ACC5D0900C02362 /* Assets.xcassets */ = {isa = PBXFileReference; lastKnownFileType = folder.assetcatalog; path = Assets.xcassets; sourceTree = "<group>"; };
		E375BA192ACC5D0900C02362 /* Base */ = {isa = PBXFileReference; lastKnownFileType = file.storyboard; name = Base; path = Base.lproj/LaunchScreen.storyboard; sourceTree = "<group>"; };
		E375BA1B2ACC5D0900C02362 /* Info.plist */ = {isa = PBXFileReference; lastKnownFileType = text.plist.xml; path = Info.plist; sourceTree = "<group>"; };
		E375BA202ACC5D0A00C02362 /* CustomCollectionsTests.xctest */ = {isa = PBXFileReference; explicitFileType = wrapper.cfbundle; includeInIndex = 0; path = CustomCollectionsTests.xctest; sourceTree = BUILT_PRODUCTS_DIR; };
		E375BA242ACC5D0A00C02362 /* CustomCollectionsTests.swift */ = {isa = PBXFileReference; lastKnownFileType = sourcecode.swift; path = CustomCollectionsTests.swift; sourceTree = "<group>"; };
		E375BA2A2ACC5D0A00C02362 /* CustomCollectionsUITests.xctest */ = {isa = PBXFileReference; explicitFileType = wrapper.cfbundle; includeInIndex = 0; path = CustomCollectionsUITests.xctest; sourceTree = BUILT_PRODUCTS_DIR; };
		E375BA2E2ACC5D0A00C02362 /* CustomCollectionsUITests.swift */ = {isa = PBXFileReference; lastKnownFileType = sourcecode.swift; path = CustomCollectionsUITests.swift; sourceTree = "<group>"; };
		E375BA302ACC5D0A00C02362 /* CustomCollectionsUITestsLaunchTests.swift */ = {isa = PBXFileReference; lastKnownFileType = sourcecode.swift; path = CustomCollectionsUITestsLaunchTests.swift; sourceTree = "<group>"; };
		E375BA3D2ACC5E1A00C02362 /* DoublyLinkedList.swift */ = {isa = PBXFileReference; lastKnownFileType = sourcecode.swift; path = DoublyLinkedList.swift; sourceTree = "<group>"; };
		E375BA3F2ACC68E700C02362 /* Person.swift */ = {isa = PBXFileReference; lastKnownFileType = sourcecode.swift; path = Person.swift; sourceTree = "<group>"; };
/* End PBXFileReference section */

/* Begin PBXFrameworksBuildPhase section */
		E375BA072ACC5D0200C02362 /* Frameworks */ = {
			isa = PBXFrameworksBuildPhase;
			buildActionMask = 2147483647;
			files = (
			);
			runOnlyForDeploymentPostprocessing = 0;
		};
		E375BA1D2ACC5D0A00C02362 /* Frameworks */ = {
			isa = PBXFrameworksBuildPhase;
			buildActionMask = 2147483647;
			files = (
			);
			runOnlyForDeploymentPostprocessing = 0;
		};
		E375BA272ACC5D0A00C02362 /* Frameworks */ = {
			isa = PBXFrameworksBuildPhase;
			buildActionMask = 2147483647;
			files = (
			);
			runOnlyForDeploymentPostprocessing = 0;
		};
/* End PBXFrameworksBuildPhase section */

/* Begin PBXGroup section */
		E375BA012ACC5D0200C02362 = {
			isa = PBXGroup;
			children = (
				E375BA0C2ACC5D0200C02362 /* CustomCollections */,
				E375BA232ACC5D0A00C02362 /* CustomCollectionsTests */,
				E375BA2D2ACC5D0A00C02362 /* CustomCollectionsUITests */,
				E375BA0B2ACC5D0200C02362 /* Products */,
			);
			sourceTree = "<group>";
		};
		E375BA0B2ACC5D0200C02362 /* Products */ = {
			isa = PBXGroup;
			children = (
				E375BA0A2ACC5D0200C02362 /* CustomCollections.app */,
				E375BA202ACC5D0A00C02362 /* CustomCollectionsTests.xctest */,
				E375BA2A2ACC5D0A00C02362 /* CustomCollectionsUITests.xctest */,
			);
			name = Products;
			sourceTree = "<group>";
		};
		E375BA0C2ACC5D0200C02362 /* CustomCollections */ = {
			isa = PBXGroup;
			children = (
				E375BA0D2ACC5D0200C02362 /* AppDelegate.swift */,
				E375BA0F2ACC5D0200C02362 /* SceneDelegate.swift */,
				E375BA112ACC5D0200C02362 /* ViewController.swift */,
				E375BA132ACC5D0200C02362 /* Main.storyboard */,
				E375BA162ACC5D0900C02362 /* Assets.xcassets */,
				E375BA182ACC5D0900C02362 /* LaunchScreen.storyboard */,
				E375BA1B2ACC5D0900C02362 /* Info.plist */,
				E375BA3D2ACC5E1A00C02362 /* DoublyLinkedList.swift */,
				E375BA3F2ACC68E700C02362 /* Person.swift */,
			);
			path = CustomCollections;
			sourceTree = "<group>";
		};
		E375BA232ACC5D0A00C02362 /* CustomCollectionsTests */ = {
			isa = PBXGroup;
			children = (
				E375BA242ACC5D0A00C02362 /* CustomCollectionsTests.swift */,
			);
			path = CustomCollectionsTests;
			sourceTree = "<group>";
		};
		E375BA2D2ACC5D0A00C02362 /* CustomCollectionsUITests */ = {
			isa = PBXGroup;
			children = (
				E375BA2E2ACC5D0A00C02362 /* CustomCollectionsUITests.swift */,
				E375BA302ACC5D0A00C02362 /* CustomCollectionsUITestsLaunchTests.swift */,
			);
			path = CustomCollectionsUITests;
			sourceTree = "<group>";
		};
/* End PBXGroup section */

/* Begin PBXNativeTarget section */
		E375BA092ACC5D0200C02362 /* CustomCollections */ = {
			isa = PBXNativeTarget;
			buildConfigurationList = E375BA342ACC5D0A00C02362 /* Build configuration list for PBXNativeTarget "CustomCollections" */;
			buildPhases = (
				E375BA062ACC5D0200C02362 /* Sources */,
				E375BA072ACC5D0200C02362 /* Frameworks */,
				E375BA082ACC5D0200C02362 /* Resources */,
			);
			buildRules = (
			);
			dependencies = (
			);
			name = CustomCollections;
			productName = CustomCollections;
			productReference = E375BA0A2ACC5D0200C02362 /* CustomCollections.app */;
			productType = "com.apple.product-type.application";
		};
		E375BA1F2ACC5D0A00C02362 /* CustomCollectionsTests */ = {
			isa = PBXNativeTarget;
			buildConfigurationList = E375BA372ACC5D0A00C02362 /* Build configuration list for PBXNativeTarget "CustomCollectionsTests" */;
			buildPhases = (
				E375BA1C2ACC5D0A00C02362 /* Sources */,
				E375BA1D2ACC5D0A00C02362 /* Frameworks */,
				E375BA1E2ACC5D0A00C02362 /* Resources */,
			);
			buildRules = (
			);
			dependencies = (
				E375BA222ACC5D0A00C02362 /* PBXTargetDependency */,
			);
			name = CustomCollectionsTests;
			productName = CustomCollectionsTests;
			productReference = E375BA202ACC5D0A00C02362 /* CustomCollectionsTests.xctest */;
			productType = "com.apple.product-type.bundle.unit-test";
		};
		E375BA292ACC5D0A00C02362 /* CustomCollectionsUITests */ = {
			isa = PBXNativeTarget;
			buildConfigurationList = E375BA3A2ACC5D0A00C02362 /* Build configuration list for PBXNativeTarget "CustomCollectionsUITests" */;
			buildPhases = (
				E375BA262ACC5D0A00C02362 /* Sources */,
				E375BA272ACC5D0A00C02362 /* Frameworks */,
				E375BA282ACC5D0A00C02362 /* Resources */,
			);
			buildRules = (
			);
			dependencies = (
				E375BA2C2ACC5D0A00C02362 /* PBXTargetDependency */,
			);
			name = CustomCollectionsUITests;
			productName = CustomCollectionsUITests;
			productReference = E375BA2A2ACC5D0A00C02362 /* CustomCollectionsUITests.xctest */;
			productType = "com.apple.product-type.bundle.ui-testing";
		};
/* End PBXNativeTarget section */

/* Begin PBXProject section */
		E375BA022ACC5D0200C02362 /* Project object */ = {
			isa = PBXProject;
			attributes = {
				BuildIndependentTargetsInParallel = 1;
				LastSwiftUpdateCheck = 1430;
				LastUpgradeCheck = 1430;
				TargetAttributes = {
					E375BA092ACC5D0200C02362 = {
						CreatedOnToolsVersion = 14.3.1;
					};
					E375BA1F2ACC5D0A00C02362 = {
						CreatedOnToolsVersion = 14.3.1;
						TestTargetID = E375BA092ACC5D0200C02362;
					};
					E375BA292ACC5D0A00C02362 = {
						CreatedOnToolsVersion = 14.3.1;
						TestTargetID = E375BA092ACC5D0200C02362;
					};
				};
			};
			buildConfigurationList = E375BA052ACC5D0200C02362 /* Build configuration list for PBXProject "CustomCollections" */;
			compatibilityVersion = "Xcode 14.0";
			developmentRegion = en;
			hasScannedForEncodings = 0;
			knownRegions = (
				en,
				Base,
			);
			mainGroup = E375BA012ACC5D0200C02362;
			productRefGroup = E375BA0B2ACC5D0200C02362 /* Products */;
			projectDirPath = "";
			projectRoot = "";
			targets = (
				E375BA092ACC5D0200C02362 /* CustomCollections */,
				E375BA1F2ACC5D0A00C02362 /* CustomCollectionsTests */,
				E375BA292ACC5D0A00C02362 /* CustomCollectionsUITests */,
			);
		};
/* End PBXProject section */

/* Begin PBXResourcesBuildPhase section */
		E375BA082ACC5D0200C02362 /* Resources */ = {
			isa = PBXResourcesBuildPhase;
			buildActionMask = 2147483647;
			files = (
				E375BA1A2ACC5D0900C02362 /* LaunchScreen.storyboard in Resources */,
				E375BA172ACC5D0900C02362 /* Assets.xcassets in Resources */,
				E375BA152ACC5D0200C02362 /* Main.storyboard in Resources */,
			);
			runOnlyForDeploymentPostprocessing = 0;
		};
		E375BA1E2ACC5D0A00C02362 /* Resources */ = {
			isa = PBXResourcesBuildPhase;
			buildActionMask = 2147483647;
			files = (
			);
			runOnlyForDeploymentPostprocessing = 0;
		};
		E375BA282ACC5D0A00C02362 /* Resources */ = {
			isa = PBXResourcesBuildPhase;
			buildActionMask = 2147483647;
			files = (
			);
			runOnlyForDeploymentPostprocessing = 0;
		};
/* End PBXResourcesBuildPhase section */

/* Begin PBXSourcesBuildPhase section */
		E375BA062ACC5D0200C02362 /* Sources */ = {
			isa = PBXSourcesBuildPhase;
			buildActionMask = 2147483647;
			files = (
				E375BA402ACC68E700C02362 /* Person.swift in Sources */,
				E375BA122ACC5D0200C02362 /* ViewController.swift in Sources */,
				E375BA0E2ACC5D0200C02362 /* AppDelegate.swift in Sources */,
				E375BA102ACC5D0200C02362 /* SceneDelegate.swift in Sources */,
				E375BA3E2ACC5E1A00C02362 /* DoublyLinkedList.swift in Sources */,
			);
			runOnlyForDeploymentPostprocessing = 0;
		};
		E375BA1C2ACC5D0A00C02362 /* Sources */ = {
			isa = PBXSourcesBuildPhase;
			buildActionMask = 2147483647;
			files = (
				E375BA252ACC5D0A00C02362 /* CustomCollectionsTests.swift in Sources */,
			);
			runOnlyForDeploymentPostprocessing = 0;
		};
		E375BA262ACC5D0A00C02362 /* Sources */ = {
			isa = PBXSourcesBuildPhase;
			buildActionMask = 2147483647;
			files = (
				E375BA2F2ACC5D0A00C02362 /* CustomCollectionsUITests.swift in Sources */,
				E375BA312ACC5D0A00C02362 /* CustomCollectionsUITestsLaunchTests.swift in Sources */,
			);
			runOnlyForDeploymentPostprocessing = 0;
		};
/* End PBXSourcesBuildPhase section */

/* Begin PBXTargetDependency section */
		E375BA222ACC5D0A00C02362 /* PBXTargetDependency */ = {
			isa = PBXTargetDependency;
			target = E375BA092ACC5D0200C02362 /* CustomCollections */;
			targetProxy = E375BA212ACC5D0A00C02362 /* PBXContainerItemProxy */;
		};
		E375BA2C2ACC5D0A00C02362 /* PBXTargetDependency */ = {
			isa = PBXTargetDependency;
			target = E375BA092ACC5D0200C02362 /* CustomCollections */;
			targetProxy = E375BA2B2ACC5D0A00C02362 /* PBXContainerItemProxy */;
		};
/* End PBXTargetDependency section */

/* Begin PBXVariantGroup section */
		E375BA132ACC5D0200C02362 /* Main.storyboard */ = {
			isa = PBXVariantGroup;
			children = (
				E375BA142ACC5D0200C02362 /* Base */,
			);
			name = Main.storyboard;
			sourceTree = "<group>";
		};
		E375BA182ACC5D0900C02362 /* LaunchScreen.storyboard */ = {
			isa = PBXVariantGroup;
			children = (
				E375BA192ACC5D0900C02362 /* Base */,
			);
			name = LaunchScreen.storyboard;
			sourceTree = "<group>";
		};
/* End PBXVariantGroup section */

/* Begin XCBuildConfiguration section */
		E375BA322ACC5D0A00C02362 /* Debug */ = {
			isa = XCBuildConfiguration;
			buildSettings = {
				ALWAYS_SEARCH_USER_PATHS = NO;
				CLANG_ANALYZER_NONNULL = YES;
				CLANG_ANALYZER_NUMBER_OBJECT_CONVERSION = YES_AGGRESSIVE;
				CLANG_CXX_LANGUAGE_STANDARD = "gnu++20";
				CLANG_ENABLE_MODULES = YES;
				CLANG_ENABLE_OBJC_ARC = YES;
				CLANG_ENABLE_OBJC_WEAK = YES;
				CLANG_WARN_BLOCK_CAPTURE_AUTORELEASING = YES;
				CLANG_WARN_BOOL_CONVERSION = YES;
				CLANG_WARN_COMMA = YES;
				CLANG_WARN_CONSTANT_CONVERSION = YES;
				CLANG_WARN_DEPRECATED_OBJC_IMPLEMENTATIONS = YES;
				CLANG_WARN_DIRECT_OBJC_ISA_USAGE = YES_ERROR;
				CLANG_WARN_DOCUMENTATION_COMMENTS = YES;
				CLANG_WARN_EMPTY_BODY = YES;
				CLANG_WARN_ENUM_CONVERSION = YES;
				CLANG_WARN_INFINITE_RECURSION = YES;
				CLANG_WARN_INT_CONVERSION = YES;
				CLANG_WARN_NON_LITERAL_NULL_CONVERSION = YES;
				CLANG_WARN_OBJC_IMPLICIT_RETAIN_SELF = YES;
				CLANG_WARN_OBJC_LITERAL_CONVERSION = YES;
				CLANG_WARN_OBJC_ROOT_CLASS = YES_ERROR;
				CLANG_WARN_QUOTED_INCLUDE_IN_FRAMEWORK_HEADER = YES;
				CLANG_WARN_RANGE_LOOP_ANALYSIS = YES;
				CLANG_WARN_STRICT_PROTOTYPES = YES;
				CLANG_WARN_SUSPICIOUS_MOVE = YES;
				CLANG_WARN_UNGUARDED_AVAILABILITY = YES_AGGRESSIVE;
				CLANG_WARN_UNREACHABLE_CODE = YES;
				CLANG_WARN__DUPLICATE_METHOD_MATCH = YES;
				COPY_PHASE_STRIP = NO;
				DEBUG_INFORMATION_FORMAT = dwarf;
				ENABLE_STRICT_OBJC_MSGSEND = YES;
				ENABLE_TESTABILITY = YES;
				GCC_C_LANGUAGE_STANDARD = gnu11;
				GCC_DYNAMIC_NO_PIC = NO;
				GCC_NO_COMMON_BLOCKS = YES;
				GCC_OPTIMIZATION_LEVEL = 0;
				GCC_PREPROCESSOR_DEFINITIONS = (
					"DEBUG=1",
					"$(inherited)",
				);
				GCC_WARN_64_TO_32_BIT_CONVERSION = YES;
				GCC_WARN_ABOUT_RETURN_TYPE = YES_ERROR;
				GCC_WARN_UNDECLARED_SELECTOR = YES;
				GCC_WARN_UNINITIALIZED_AUTOS = YES_AGGRESSIVE;
				GCC_WARN_UNUSED_FUNCTION = YES;
				GCC_WARN_UNUSED_VARIABLE = YES;
				IPHONEOS_DEPLOYMENT_TARGET = 16.4;
				MTL_ENABLE_DEBUG_INFO = INCLUDE_SOURCE;
				MTL_FAST_MATH = YES;
				ONLY_ACTIVE_ARCH = YES;
				SDKROOT = iphoneos;
				SWIFT_ACTIVE_COMPILATION_CONDITIONS = DEBUG;
				SWIFT_OPTIMIZATION_LEVEL = "-Onone";
			};
			name = Debug;
		};
		E375BA332ACC5D0A00C02362 /* Release */ = {
			isa = XCBuildConfiguration;
			buildSettings = {
				ALWAYS_SEARCH_USER_PATHS = NO;
				CLANG_ANALYZER_NONNULL = YES;
				CLANG_ANALYZER_NUMBER_OBJECT_CONVERSION = YES_AGGRESSIVE;
				CLANG_CXX_LANGUAGE_STANDARD = "gnu++20";
				CLANG_ENABLE_MODULES = YES;
				CLANG_ENABLE_OBJC_ARC = YES;
				CLANG_ENABLE_OBJC_WEAK = YES;
				CLANG_WARN_BLOCK_CAPTURE_AUTORELEASING = YES;
				CLANG_WARN_BOOL_CONVERSION = YES;
				CLANG_WARN_COMMA = YES;
				CLANG_WARN_CONSTANT_CONVERSION = YES;
				CLANG_WARN_DEPRECATED_OBJC_IMPLEMENTATIONS = YES;
				CLANG_WARN_DIRECT_OBJC_ISA_USAGE = YES_ERROR;
				CLANG_WARN_DOCUMENTATION_COMMENTS = YES;
				CLANG_WARN_EMPTY_BODY = YES;
				CLANG_WARN_ENUM_CONVERSION = YES;
				CLANG_WARN_INFINITE_RECURSION = YES;
				CLANG_WARN_INT_CONVERSION = YES;
				CLANG_WARN_NON_LITERAL_NULL_CONVERSION = YES;
				CLANG_WARN_OBJC_IMPLICIT_RETAIN_SELF = YES;
				CLANG_WARN_OBJC_LITERAL_CONVERSION = YES;
				CLANG_WARN_OBJC_ROOT_CLASS = YES_ERROR;
				CLANG_WARN_QUOTED_INCLUDE_IN_FRAMEWORK_HEADER = YES;
				CLANG_WARN_RANGE_LOOP_ANALYSIS = YES;
				CLANG_WARN_STRICT_PROTOTYPES = YES;
				CLANG_WARN_SUSPICIOUS_MOVE = YES;
				CLANG_WARN_UNGUARDED_AVAILABILITY = YES_AGGRESSIVE;
				CLANG_WARN_UNREACHABLE_CODE = YES;
				CLANG_WARN__DUPLICATE_METHOD_MATCH = YES;
				COPY_PHASE_STRIP = NO;
				DEBUG_INFORMATION_FORMAT = "dwarf-with-dsym";
				ENABLE_NS_ASSERTIONS = NO;
				ENABLE_STRICT_OBJC_MSGSEND = YES;
				GCC_C_LANGUAGE_STANDARD = gnu11;
				GCC_NO_COMMON_BLOCKS = YES;
				GCC_WARN_64_TO_32_BIT_CONVERSION = YES;
				GCC_WARN_ABOUT_RETURN_TYPE = YES_ERROR;
				GCC_WARN_UNDECLARED_SELECTOR = YES;
				GCC_WARN_UNINITIALIZED_AUTOS = YES_AGGRESSIVE;
				GCC_WARN_UNUSED_FUNCTION = YES;
				GCC_WARN_UNUSED_VARIABLE = YES;
				IPHONEOS_DEPLOYMENT_TARGET = 16.4;
				MTL_ENABLE_DEBUG_INFO = NO;
				MTL_FAST_MATH = YES;
				SDKROOT = iphoneos;
				SWIFT_COMPILATION_MODE = wholemodule;
				SWIFT_OPTIMIZATION_LEVEL = "-O";
				VALIDATE_PRODUCT = YES;
			};
			name = Release;
		};
		E375BA352ACC5D0A00C02362 /* Debug */ = {
			isa = XCBuildConfiguration;
			buildSettings = {
				ASSETCATALOG_COMPILER_APPICON_NAME = AppIcon;
				ASSETCATALOG_COMPILER_GLOBAL_ACCENT_COLOR_NAME = AccentColor;
				CODE_SIGN_STYLE = Automatic;
				CURRENT_PROJECT_VERSION = 1;
				GENERATE_INFOPLIST_FILE = YES;
				INFOPLIST_FILE = CustomCollections/Info.plist;
				INFOPLIST_KEY_UIApplicationSupportsIndirectInputEvents = YES;
				INFOPLIST_KEY_UILaunchStoryboardName = LaunchScreen;
				INFOPLIST_KEY_UIMainStoryboardFile = Main;
				INFOPLIST_KEY_UISupportedInterfaceOrientations_iPad = "UIInterfaceOrientationPortrait UIInterfaceOrientationPortraitUpsideDown UIInterfaceOrientationLandscapeLeft UIInterfaceOrientationLandscapeRight";
				INFOPLIST_KEY_UISupportedInterfaceOrientations_iPhone = "UIInterfaceOrientationPortrait UIInterfaceOrientationLandscapeLeft UIInterfaceOrientationLandscapeRight";
				LD_RUNPATH_SEARCH_PATHS = (
					"$(inherited)",
					"@executable_path/Frameworks",
				);
				MARKETING_VERSION = 1.0;
				PRODUCT_BUNDLE_IDENTIFIER = "-23.CustomCollections";
				PRODUCT_NAME = "$(TARGET_NAME)";
				SWIFT_EMIT_LOC_STRINGS = YES;
				SWIFT_VERSION = 5.0;
				TARGETED_DEVICE_FAMILY = "1,2";
			};
			name = Debug;
		};
		E375BA362ACC5D0A00C02362 /* Release */ = {
			isa = XCBuildConfiguration;
			buildSettings = {
				ASSETCATALOG_COMPILER_APPICON_NAME = AppIcon;
				ASSETCATALOG_COMPILER_GLOBAL_ACCENT_COLOR_NAME = AccentColor;
				CODE_SIGN_STYLE = Automatic;
				CURRENT_PROJECT_VERSION = 1;
				GENERATE_INFOPLIST_FILE = YES;
				INFOPLIST_FILE = CustomCollections/Info.plist;
				INFOPLIST_KEY_UIApplicationSupportsIndirectInputEvents = YES;
				INFOPLIST_KEY_UILaunchStoryboardName = LaunchScreen;
				INFOPLIST_KEY_UIMainStoryboardFile = Main;
				INFOPLIST_KEY_UISupportedInterfaceOrientations_iPad = "UIInterfaceOrientationPortrait UIInterfaceOrientationPortraitUpsideDown UIInterfaceOrientationLandscapeLeft UIInterfaceOrientationLandscapeRight";
				INFOPLIST_KEY_UISupportedInterfaceOrientations_iPhone = "UIInterfaceOrientationPortrait UIInterfaceOrientationLandscapeLeft UIInterfaceOrientationLandscapeRight";
				LD_RUNPATH_SEARCH_PATHS = (
					"$(inherited)",
					"@executable_path/Frameworks",
				);
				MARKETING_VERSION = 1.0;
				PRODUCT_BUNDLE_IDENTIFIER = "-23.CustomCollections";
				PRODUCT_NAME = "$(TARGET_NAME)";
				SWIFT_EMIT_LOC_STRINGS = YES;
				SWIFT_VERSION = 5.0;
				TARGETED_DEVICE_FAMILY = "1,2";
			};
			name = Release;
		};
		E375BA382ACC5D0A00C02362 /* Debug */ = {
			isa = XCBuildConfiguration;
			buildSettings = {
				ALWAYS_EMBED_SWIFT_STANDARD_LIBRARIES = YES;
				BUNDLE_LOADER = "$(TEST_HOST)";
				CODE_SIGN_STYLE = Automatic;
				CURRENT_PROJECT_VERSION = 1;
				GENERATE_INFOPLIST_FILE = YES;
				IPHONEOS_DEPLOYMENT_TARGET = 16.4;
				MARKETING_VERSION = 1.0;
				PRODUCT_BUNDLE_IDENTIFIER = "-23.CustomCollectionsTests";
				PRODUCT_NAME = "$(TARGET_NAME)";
				SWIFT_EMIT_LOC_STRINGS = NO;
				SWIFT_VERSION = 5.0;
				TARGETED_DEVICE_FAMILY = "1,2";
				TEST_HOST = "$(BUILT_PRODUCTS_DIR)/CustomCollections.app/$(BUNDLE_EXECUTABLE_FOLDER_PATH)/CustomCollections";
			};
			name = Debug;
		};
		E375BA392ACC5D0A00C02362 /* Release */ = {
			isa = XCBuildConfiguration;
			buildSettings = {
				ALWAYS_EMBED_SWIFT_STANDARD_LIBRARIES = YES;
				BUNDLE_LOADER = "$(TEST_HOST)";
				CODE_SIGN_STYLE = Automatic;
				CURRENT_PROJECT_VERSION = 1;
				GENERATE_INFOPLIST_FILE = YES;
				IPHONEOS_DEPLOYMENT_TARGET = 16.4;
				MARKETING_VERSION = 1.0;
				PRODUCT_BUNDLE_IDENTIFIER = "-23.CustomCollectionsTests";
				PRODUCT_NAME = "$(TARGET_NAME)";
				SWIFT_EMIT_LOC_STRINGS = NO;
				SWIFT_VERSION = 5.0;
				TARGETED_DEVICE_FAMILY = "1,2";
				TEST_HOST = "$(BUILT_PRODUCTS_DIR)/CustomCollections.app/$(BUNDLE_EXECUTABLE_FOLDER_PATH)/CustomCollections";
			};
			name = Release;
		};
		E375BA3B2ACC5D0A00C02362 /* Debug */ = {
			isa = XCBuildConfiguration;
			buildSettings = {
				ALWAYS_EMBED_SWIFT_STANDARD_LIBRARIES = YES;
				CODE_SIGN_STYLE = Automatic;
				CURRENT_PROJECT_VERSION = 1;
				GENERATE_INFOPLIST_FILE = YES;
				MARKETING_VERSION = 1.0;
				PRODUCT_BUNDLE_IDENTIFIER = "-23.CustomCollectionsUITests";
				PRODUCT_NAME = "$(TARGET_NAME)";
				SWIFT_EMIT_LOC_STRINGS = NO;
				SWIFT_VERSION = 5.0;
				TARGETED_DEVICE_FAMILY = "1,2";
				TEST_TARGET_NAME = CustomCollections;
			};
			name = Debug;
		};
		E375BA3C2ACC5D0A00C02362 /* Release */ = {
			isa = XCBuildConfiguration;
			buildSettings = {
				ALWAYS_EMBED_SWIFT_STANDARD_LIBRARIES = YES;
				CODE_SIGN_STYLE = Automatic;
				CURRENT_PROJECT_VERSION = 1;
				GENERATE_INFOPLIST_FILE = YES;
				MARKETING_VERSION = 1.0;
				PRODUCT_BUNDLE_IDENTIFIER = "-23.CustomCollectionsUITests";
				PRODUCT_NAME = "$(TARGET_NAME)";
				SWIFT_EMIT_LOC_STRINGS = NO;
				SWIFT_VERSION = 5.0;
				TARGETED_DEVICE_FAMILY = "1,2";
				TEST_TARGET_NAME = CustomCollections;
			};
			name = Release;
		};
/* End XCBuildConfiguration section */

/* Begin XCConfigurationList section */
		E375BA052ACC5D0200C02362 /* Build configuration list for PBXProject "CustomCollections" */ = {
			isa = XCConfigurationList;
			buildConfigurations = (
				E375BA322ACC5D0A00C02362 /* Debug */,
				E375BA332ACC5D0A00C02362 /* Release */,
			);
			defaultConfigurationIsVisible = 0;
			defaultConfigurationName = Release;
		};
		E375BA342ACC5D0A00C02362 /* Build configuration list for PBXNativeTarget "CustomCollections" */ = {
			isa = XCConfigurationList;
			buildConfigurations = (
				E375BA352ACC5D0A00C02362 /* Debug */,
				E375BA362ACC5D0A00C02362 /* Release */,
			);
			defaultConfigurationIsVisible = 0;
			defaultConfigurationName = Release;
		};
		E375BA372ACC5D0A00C02362 /* Build configuration list for PBXNativeTarget "CustomCollectionsTests" */ = {
			isa = XCConfigurationList;
			buildConfigurations = (
				E375BA382ACC5D0A00C02362 /* Debug */,
				E375BA392ACC5D0A00C02362 /* Release */,
			);
			defaultConfigurationIsVisible = 0;
			defaultConfigurationName = Release;
		};
		E375BA3A2ACC5D0A00C02362 /* Build configuration list for PBXNativeTarget "CustomCollectionsUITests" */ = {
			isa = XCConfigurationList;
			buildConfigurations = (
				E375BA3B2ACC5D0A00C02362 /* Debug */,
				E375BA3C2ACC5D0A00C02362 /* Release */,
			);
			defaultConfigurationIsVisible = 0;
			defaultConfigurationName = Release;
		};
/* End XCConfigurationList section */
	};
	rootObject = E375BA022ACC5D0200C02362 /* Project object */;
}
